
Microsoft Visual Studio Solution File, Format Version 12.00
# Visual Studio 15
VisualStudioVersion = 15.0.26124.0
MinimumVisualStudioVersion = 15.0.26124.0
Project("{FAE04EC0-301F-11D3-BF4B-00C04F79EFBC}") = "Domain", "Domain\Domain.csproj", "{3C4E2712-5C4B-4067-B1ED-0D9FB8FE123D}"
EndProject
Project("{FAE04EC0-301F-11D3-BF4B-00C04F79EFBC}") = "Application", "Application\Application.csproj", "{90CC6941-A875-46B8-8CF5-F95EC385B922}"
EndProject
Project("{FAE04EC0-301F-11D3-BF4B-00C04F79EFBC}") = "Persistence", "Persistence\Persistence.csproj", "{3869A16B-497E-4461-8C08-D40FD055C580}"
EndProject
Project("{FAE04EC0-301F-11D3-BF4B-00C04F79EFBC}") = "API", "API\API.csproj", "{D6D49981-9E80-4EA5-8022-029091D433E9}"
EndProject
Project("{FAE04EC0-301F-11D3-BF4B-00C04F79EFBC}") = "Infrastructure", "Infrastructure\Infrastructure.csproj", "{20EC0B58-A3CD-4489-BD65-01F69B697BBF}"
EndProject
Global
	GlobalSection(SolutionConfigurationPlatforms) = preSolution
		Debug|Any CPU = Debug|Any CPU
		Debug|x64 = Debug|x64
		Debug|x86 = Debug|x86
		Release|Any CPU = Release|Any CPU
		Release|x64 = Release|x64
		Release|x86 = Release|x86
	EndGlobalSection
	GlobalSection(SolutionProperties) = preSolution
		HideSolutionNode = FALSE
	EndGlobalSection
	GlobalSection(ProjectConfigurationPlatforms) = postSolution
		{3C4E2712-5C4B-4067-B1ED-0D9FB8FE123D}.Debug|Any CPU.ActiveCfg = Debug|Any CPU
		{3C4E2712-5C4B-4067-B1ED-0D9FB8FE123D}.Debug|Any CPU.Build.0 = Debug|Any CPU
		{3C4E2712-5C4B-4067-B1ED-0D9FB8FE123D}.Debug|x64.ActiveCfg = Debug|Any CPU
		{3C4E2712-5C4B-4067-B1ED-0D9FB8FE123D}.Debug|x64.Build.0 = Debug|Any CPU
		{3C4E2712-5C4B-4067-B1ED-0D9FB8FE123D}.Debug|x86.ActiveCfg = Debug|Any CPU
		{3C4E2712-5C4B-4067-B1ED-0D9FB8FE123D}.Debug|x86.Build.0 = Debug|Any CPU
		{3C4E2712-5C4B-4067-B1ED-0D9FB8FE123D}.Release|Any CPU.ActiveCfg = Release|Any CPU
		{3C4E2712-5C4B-4067-B1ED-0D9FB8FE123D}.Release|Any CPU.Build.0 = Release|Any CPU
		{3C4E2712-5C4B-4067-B1ED-0D9FB8FE123D}.Release|x64.ActiveCfg = Release|Any CPU
		{3C4E2712-5C4B-4067-B1ED-0D9FB8FE123D}.Release|x64.Build.0 = Release|Any CPU
		{3C4E2712-5C4B-4067-B1ED-0D9FB8FE123D}.Release|x86.ActiveCfg = Release|Any CPU
		{3C4E2712-5C4B-4067-B1ED-0D9FB8FE123D}.Release|x86.Build.0 = Release|Any CPU
		{90CC6941-A875-46B8-8CF5-F95EC385B922}.Debug|Any CPU.ActiveCfg = Debug|Any CPU
		{90CC6941-A875-46B8-8CF5-F95EC385B922}.Debug|Any CPU.Build.0 = Debug|Any CPU
		{90CC6941-A875-46B8-8CF5-F95EC385B922}.Debug|x64.ActiveCfg = Debug|Any CPU
		{90CC6941-A875-46B8-8CF5-F95EC385B922}.Debug|x64.Build.0 = Debug|Any CPU
		{90CC6941-A875-46B8-8CF5-F95EC385B922}.Debug|x86.ActiveCfg = Debug|Any CPU
		{90CC6941-A875-46B8-8CF5-F95EC385B922}.Debug|x86.Build.0 = Debug|Any CPU
		{90CC6941-A875-46B8-8CF5-F95EC385B922}.Release|Any CPU.ActiveCfg = Release|Any CPU
		{90CC6941-A875-46B8-8CF5-F95EC385B922}.Release|Any CPU.Build.0 = Release|Any CPU
		{90CC6941-A875-46B8-8CF5-F95EC385B922}.Release|x64.ActiveCfg = Release|Any CPU
		{90CC6941-A875-46B8-8CF5-F95EC385B922}.Release|x64.Build.0 = Release|Any CPU
		{90CC6941-A875-46B8-8CF5-F95EC385B922}.Release|x86.ActiveCfg = Release|Any CPU
		{90CC6941-A875-46B8-8CF5-F95EC385B922}.Release|x86.Build.0 = Release|Any CPU
		{3869A16B-497E-4461-8C08-D40FD055C580}.Debug|Any CPU.ActiveCfg = Debug|Any CPU
		{3869A16B-497E-4461-8C08-D40FD055C580}.Debug|Any CPU.Build.0 = Debug|Any CPU
		{3869A16B-497E-4461-8C08-D40FD055C580}.Debug|x64.ActiveCfg = Debug|Any CPU
		{3869A16B-497E-4461-8C08-D40FD055C580}.Debug|x64.Build.0 = Debug|Any CPU
		{3869A16B-497E-4461-8C08-D40FD055C580}.Debug|x86.ActiveCfg = Debug|Any CPU
		{3869A16B-497E-4461-8C08-D40FD055C580}.Debug|x86.Build.0 = Debug|Any CPU
		{3869A16B-497E-4461-8C08-D40FD055C580}.Release|Any CPU.ActiveCfg = Release|Any CPU
		{3869A16B-497E-4461-8C08-D40FD055C580}.Release|Any CPU.Build.0 = Release|Any CPU
		{3869A16B-497E-4461-8C08-D40FD055C580}.Release|x64.ActiveCfg = Release|Any CPU
		{3869A16B-497E-4461-8C08-D40FD055C580}.Release|x64.Build.0 = Release|Any CPU
		{3869A16B-497E-4461-8C08-D40FD055C580}.Release|x86.ActiveCfg = Release|Any CPU
		{3869A16B-497E-4461-8C08-D40FD055C580}.Release|x86.Build.0 = Release|Any CPU
		{D6D49981-9E80-4EA5-8022-029091D433E9}.Debug|Any CPU.ActiveCfg = Debug|Any CPU
		{D6D49981-9E80-4EA5-8022-029091D433E9}.Debug|Any CPU.Build.0 = Debug|Any CPU
		{D6D49981-9E80-4EA5-8022-029091D433E9}.Debug|x64.ActiveCfg = Debug|Any CPU
		{D6D49981-9E80-4EA5-8022-029091D433E9}.Debug|x64.Build.0 = Debug|Any CPU
		{D6D49981-9E80-4EA5-8022-029091D433E9}.Debug|x86.ActiveCfg = Debug|Any CPU
		{D6D49981-9E80-4EA5-8022-029091D433E9}.Debug|x86.Build.0 = Debug|Any CPU
		{D6D49981-9E80-4EA5-8022-029091D433E9}.Release|Any CPU.ActiveCfg = Release|Any CPU
		{D6D49981-9E80-4EA5-8022-029091D433E9}.Release|Any CPU.Build.0 = Release|Any CPU
		{D6D49981-9E80-4EA5-8022-029091D433E9}.Release|x64.ActiveCfg = Release|Any CPU
		{D6D49981-9E80-4EA5-8022-029091D433E9}.Release|x64.Build.0 = Release|Any CPU
		{D6D49981-9E80-4EA5-8022-029091D433E9}.Release|x86.ActiveCfg = Release|Any CPU
		{D6D49981-9E80-4EA5-8022-029091D433E9}.Release|x86.Build.0 = Release|Any CPU
		{20EC0B58-A3CD-4489-BD65-01F69B697BBF}.Debug|Any CPU.ActiveCfg = Debug|Any CPU
		{20EC0B58-A3CD-4489-BD65-01F69B697BBF}.Debug|Any CPU.Build.0 = Debug|Any CPU
		{20EC0B58-A3CD-4489-BD65-01F69B697BBF}.Debug|x64.ActiveCfg = Debug|Any CPU
		{20EC0B58-A3CD-4489-BD65-01F69B697BBF}.Debug|x64.Build.0 = Debug|Any CPU
		{20EC0B58-A3CD-4489-BD65-01F69B697BBF}.Debug|x86.ActiveCfg = Debug|Any CPU
		{20EC0B58-A3CD-4489-BD65-01F69B697BBF}.Debug|x86.Build.0 = Debug|Any CPU
		{20EC0B58-A3CD-4489-BD65-01F69B697BBF}.Release|Any CPU.ActiveCfg = Release|Any CPU
		{20EC0B58-A3CD-4489-BD65-01F69B697BBF}.Release|Any CPU.Build.0 = Release|Any CPU
		{20EC0B58-A3CD-4489-BD65-01F69B697BBF}.Release|x64.ActiveCfg = Release|Any CPU
		{20EC0B58-A3CD-4489-BD65-01F69B697BBF}.Release|x64.Build.0 = Release|Any CPU
		{20EC0B58-A3CD-4489-BD65-01F69B697BBF}.Release|x86.ActiveCfg = Release|Any CPU
		{20EC0B58-A3CD-4489-BD65-01F69B697BBF}.Release|x86.Build.0 = Release|Any CPU
	EndGlobalSection
EndGlobal
